<?xml version="1.0" encoding="utf-8"?>
<Project ToolsVersion="4.0" xmlns="http://schemas.microsoft.com/developer/msbuild/2003">
  <ItemGroup>
    <Filter Include="Source Files">
      <UniqueIdentifier>{4FC737F1-C7A5-4376-A066-2A32D752A2FF}</UniqueIdentifier>
      <Extensions>cpp;c;cc;cxx;def;odl;idl;hpj;bat;asm;asmx</Extensions>
    </Filter>
    <Filter Include="Resource Files">
      <UniqueIdentifier>{67DA6AB6-F800-4c08-8B7A-83BB121AAD01}</UniqueIdentifier>
      <Extensions>rc;ico;cur;bmp;dlg;rc2;rct;bin;rgs;gif;jpg;jpeg;jpe;resx;tiff;tif;png;wav;mfcribbon-ms</Extensions>
    </Filter>
    <Filter Include="STL Expansions">
      <UniqueIdentifier>{e8df48ac-4e4a-4869-8500-fe6f6443dab5}</UniqueIdentifier>
    </Filter>
    <Filter Include="AStar">
      <UniqueIdentifier>{6a15b91e-5f33-47d7-8fdc-8cbedc37d0fb}</UniqueIdentifier>
    </Filter>
    <Filter Include="Irrlicht Expansions">
      <UniqueIdentifier>{88318a65-7a4a-4712-a3e3-6e407f47230a}</UniqueIdentifier>
    </Filter>
    <Filter Include="Maze Generation">
      <UniqueIdentifier>{7fda9dd8-790d-4741-864c-8fa5dd258c6d}</UniqueIdentifier>
    </Filter>
    <Filter Include="Game Classes">
      <UniqueIdentifier>{93995380-89BD-4b04-88EB-625FBE52EBFB}</UniqueIdentifier>
      <Extensions>h;hpp;hxx;hm;inl;inc;xsd</Extensions>
    </Filter>
    <Filter Include="Procedural Functions">
      <UniqueIdentifier>{26c27817-4976-4b8f-936d-bc20799502b3}</UniqueIdentifier>
    </Filter>
    <Filter Include="Algorithms">
      <UniqueIdentifier>{6fb9d610-b032-4697-8c41-a97106fbbd95}</UniqueIdentifier>
    </Filter>
  </ItemGroup>
  <ItemGroup>
    <ClCompile Include="Main.cpp">
      <Filter>Source Files</Filter>
    </ClCompile>
    <ClCompile Include="vector_enhancements.cpp">
      <Filter>STL Expansions</Filter>
    </ClCompile>
    <ClCompile Include="string_enhancements.cpp">
      <Filter>STL Expansions</Filter>
    </ClCompile>
    <ClCompile Include="PathFinding.cpp">
      <Filter>AStar</Filter>
    </ClCompile>
    <ClCompile Include="math_enhancements.cpp">
      <Filter>STL Expansions</Filter>
    </ClCompile>
    <ClCompile Include="irr_vector_enhancements.cpp">
      <Filter>Irrlicht Expansions</Filter>
    </ClCompile>
    <ClCompile Include="MazeGenerator.cpp">
      <Filter>Maze Generation</Filter>
    </ClCompile>
    <ClCompile Include="MazeRenderer.cpp">
      <Filter>Maze Generation</Filter>
    </ClCompile>
    <ClCompile Include="irr_node_enhancements.cpp">
      <Filter>Irrlicht Expansions</Filter>
    </ClCompile>
    <ClCompile Include="GameCamera.cpp">
      <Filter>Game Classes</Filter>
    </ClCompile>
    <ClCompile Include="Entity.cpp">
      <Filter>Game Classes</Filter>
    </ClCompile>
    <ClCompile Include="int_enhancements.cpp">
      <Filter>STL Expansions</Filter>
    </ClCompile>
    <ClCompile Include="FireAtTarget.cpp">
      <Filter>Procedural Functions</Filter>
    </ClCompile>
    <ClCompile Include="GetFreeCells.cpp">
      <Filter>Procedural Functions</Filter>
    </ClCompile>
    <ClCompile Include="EntityManager.cpp">
      <Filter>Game Classes</Filter>
    </ClCompile>
    <ClCompile Include="BresenhamLineAlgorithm.cpp">
      <Filter>Algorithms</Filter>
    </ClCompile>
    <ClCompile Include="AIFireAtTarget.cpp">
      <Filter>Procedural Functions</Filter>
    </ClCompile>
  </ItemGroup>
  <ItemGroup>
    <ClInclude Include="Entity.h">
      <Filter>Game Classes</Filter>
    </ClInclude>
    <ClInclude Include="MyEventReceiver.h">
      <Filter>Game Classes</Filter>
    </ClInclude>
    <ClInclude Include="vector_enhancements.h">
      <Filter>STL Expansions</Filter>
    </ClInclude>
    <ClInclude Include="string_enhancements.h">
      <Filter>STL Expansions</Filter>
    </ClInclude>
    <ClInclude Include="SearchCell.h">
      <Filter>AStar</Filter>
    </ClInclude>
    <ClInclude Include="PathFinding.h">
      <Filter>AStar</Filter>
    </ClInclude>
    <ClInclude Include="Vector3.h">
      <Filter>AStar</Filter>
    </ClInclude>
    <ClInclude Include="math_enhancements.h">
      <Filter>STL Expansions</Filter>
    </ClInclude>
    <ClInclude Include="irr_vector_enhancements.h">
      <Filter>Irrlicht Expansions</Filter>
    </ClInclude>
    <ClInclude Include="MazeGenerator.h">
      <Filter>Maze Generation</Filter>
    </ClInclude>
    <ClInclude Include="MazeRenderer.h">
      <Filter>Maze Generation</Filter>
    </ClInclude>
    <ClInclude Include="irr_node_enhancements.h">
      <Filter>Irrlicht Expansions</Filter>
    </ClInclude>
    <ClInclude Include="GameCamera.h">
      <Filter>Game Classes</Filter>
    </ClInclude>
    <ClInclude Include="EntityManager.h">
      <Filter>Game Classes</Filter>
    </ClInclude>
    <ClInclude Include="hud.h">
      <Filter>Game Classes</Filter>
    </ClInclude>
    <ClInclude Include="EntityStats.h">
      <Filter>Game Classes</Filter>
    </ClInclude>
    <ClInclude Include="int_enhancements.h">
      <Filter>STL Expansions</Filter>
    </ClInclude>
    <ClInclude Include="attackResult.h">
      <Filter>Game Classes</Filter>
    </ClInclude>
    <ClInclude Include="FireAtTarget.h">
      <Filter>Procedural Functions</Filter>
    </ClInclude>
    <ClInclude Include="GetFreeCells.h">
      <Filter>Procedural Functions</Filter>
    </ClInclude>
    <ClInclude Include="BresenhamLineAlgorithm.h">
      <Filter>Algorithms</Filter>
    </ClInclude>
    <ClInclude Include="AIFireAtTarget.h">
      <Filter>Procedural Functions</Filter>
    </ClInclude>
  </ItemGroup>
  <ItemGroup>
    <None Include="Info AStar.txt">
      <Filter>AStar</Filter>
    </None>
    <None Include="Main Class Diagram.cd" />
    <None Include="To Do List.txt" />
    <None Include="Build Instructions.txt" />
  </ItemGroup>
</Project>